
Microsoft Visual Studio Solution File, Format Version 12.00
# Visual Studio Version 17
VisualStudioVersion = 17.0.32112.339
MinimumVisualStudioVersion = 10.0.40219.1
Project("{FAE04EC0-301F-11D3-BF4B-00C04F79EFBC}") = "TodoApi", "TodoApi\TodoApi.csproj", "{46B3AA3F-DF8C-4CF6-A71C-10F884791CC0}"
EndProject
Global
	GlobalSection(SolutionConfigurationPlatforms) = preSolution
		Debug|Any CPU = Debug|Any CPU
		Release|Any CPU = Release|Any CPU
	EndGlobalSection
	GlobalSection(ProjectConfigurationPlatforms) = postSolution
		{46B3AA3F-DF8C-4CF6-A71C-10F884791CC0}.Debug|Any CPU.ActiveCfg = Debug|Any CPU
		{46B3AA3F-DF8C-4CF6-A71C-10F884791CC0}.Debug|Any CPU.Build.0 = Debug|Any CPU
		{46B3AA3F-DF8C-4CF6-A71C-10F884791CC0}.Release|Any CPU.ActiveCfg = Release|Any CPU
		{46B3AA3F-DF8C-4CF6-A71C-10F884791CC0}.Release|Any CPU.Build.0 = Release|Any CPU
	EndGlobalSection
	GlobalSection(SolutionProperties) = preSolution
		HideSolutionNode = FALSE
	EndGlobalSection
	GlobalSection(ExtensibilityGlobals) = postSolution
		SolutionGuid = {675B31B5-BE6B-46C6-8818-77C33200C6B4}
	EndGlobalSection
EndGlobal
